
Microsoft Visual Studio Solution File, Format Version 12.00
# Visual Studio Version 17
VisualStudioVersion = 17.14.36119.2 d17.14
MinimumVisualStudioVersion = 10.0.40219.1
Project("{9A19103F-16F7-4668-BE54-9A1E7A4F7556}") = "JavScraper", "JavScraper\JavScraper.csproj", "{5D95371F-E329-4650-9C45-D73865A2A34E}"
EndProject
Project("{9A19103F-16F7-4668-BE54-9A1E7A4F7556}") = "JavScraper.App", "JavScraper.App\JavScraper.App.csproj", "{4CDDA808-8AE9-426D-8D22-51370B52CC41}"
EndProject
Project("{9A19103F-16F7-4668-BE54-9A1E7A4F7556}") = "JavScraper.Test", "JavScraper.Test\JavScraper.Test.csproj", "{B2F4FE4B-70C4-4C85-A0E9-54DE31A44EB5}"
EndProject
Project("{9A19103F-16F7-4668-BE54-9A1E7A4F7556}") = "JavScraper.Common", "JavScraper.Common\JavScraper.Common.csproj", "{C1A6C2D9-8F39-47AB-894E-657D3F1160A5}"
EndProject
Project("{9A19103F-16F7-4668-BE54-9A1E7A4F7556}") = "JavScraper.Tools", "JavScraper.Tools\JavScraper.Tools.csproj", "{D7EE426B-EACA-486B-B4C3-03FA3D6A0CC1}"
EndProject
Global
	GlobalSection(SolutionConfigurationPlatforms) = preSolution
		Debug|Any CPU = Debug|Any CPU
		Release|Any CPU = Release|Any CPU
	EndGlobalSection
	GlobalSection(ProjectConfigurationPlatforms) = postSolution
		{5D95371F-E329-4650-9C45-D73865A2A34E}.Debug|Any CPU.ActiveCfg = Debug|Any CPU
		{5D95371F-E329-4650-9C45-D73865A2A34E}.Debug|Any CPU.Build.0 = Debug|Any CPU
		{5D95371F-E329-4650-9C45-D73865A2A34E}.Release|Any CPU.ActiveCfg = Release|Any CPU
		{5D95371F-E329-4650-9C45-D73865A2A34E}.Release|Any CPU.Build.0 = Release|Any CPU
		{4CDDA808-8AE9-426D-8D22-51370B52CC41}.Debug|Any CPU.ActiveCfg = Debug|Any CPU
		{4CDDA808-8AE9-426D-8D22-51370B52CC41}.Debug|Any CPU.Build.0 = Debug|Any CPU
		{4CDDA808-8AE9-426D-8D22-51370B52CC41}.Release|Any CPU.ActiveCfg = Release|Any CPU
		{4CDDA808-8AE9-426D-8D22-51370B52CC41}.Release|Any CPU.Build.0 = Release|Any CPU
		{B2F4FE4B-70C4-4C85-A0E9-54DE31A44EB5}.Debug|Any CPU.ActiveCfg = Debug|Any CPU
		{B2F4FE4B-70C4-4C85-A0E9-54DE31A44EB5}.Debug|Any CPU.Build.0 = Debug|Any CPU
		{B2F4FE4B-70C4-4C85-A0E9-54DE31A44EB5}.Release|Any CPU.ActiveCfg = Release|Any CPU
		{B2F4FE4B-70C4-4C85-A0E9-54DE31A44EB5}.Release|Any CPU.Build.0 = Release|Any CPU
		{C1A6C2D9-8F39-47AB-894E-657D3F1160A5}.Debug|Any CPU.ActiveCfg = Debug|Any CPU
		{C1A6C2D9-8F39-47AB-894E-657D3F1160A5}.Debug|Any CPU.Build.0 = Debug|Any CPU
		{C1A6C2D9-8F39-47AB-894E-657D3F1160A5}.Release|Any CPU.ActiveCfg = Release|Any CPU
		{C1A6C2D9-8F39-47AB-894E-657D3F1160A5}.Release|Any CPU.Build.0 = Release|Any CPU
		{D7EE426B-EACA-486B-B4C3-03FA3D6A0CC1}.Debug|Any CPU.ActiveCfg = Debug|Any CPU
		{D7EE426B-EACA-486B-B4C3-03FA3D6A0CC1}.Debug|Any CPU.Build.0 = Debug|Any CPU
		{D7EE426B-EACA-486B-B4C3-03FA3D6A0CC1}.Release|Any CPU.ActiveCfg = Release|Any CPU
		{D7EE426B-EACA-486B-B4C3-03FA3D6A0CC1}.Release|Any CPU.Build.0 = Release|Any CPU
	EndGlobalSection
	GlobalSection(SolutionProperties) = preSolution
		HideSolutionNode = FALSE
	EndGlobalSection
	GlobalSection(ExtensibilityGlobals) = postSolution
		SolutionGuid = {1989DA1A-7219-43B5-90E5-A5749EBE850C}
	EndGlobalSection
EndGlobal
